// !$*UTF8*$!
{
	archiveVersion = 1;
	classes = {
	};
	objectVersion = 46;
	objects = {

/* Begin PBXBuildFile section */
		224849261CA7DC2700AAE786 /* TableViewController.swift in Sources */ = {isa = PBXBuildFile; fileRef = 224849251CA7DC2700AAE786 /* TableViewController.swift */; };
		224849281CA7DC6600AAE786 /* PatternCell.swift in Sources */ = {isa = PBXBuildFile; fileRef = 224849271CA7DC6600AAE786 /* PatternCell.swift */; };
		224F1DCC1CA7C4E100304F92 /* ImageViewController.swift in Sources */ = {isa = PBXBuildFile; fileRef = 224F1DCB1CA7C4E100304F92 /* ImageViewController.swift */; };
		22FBB8E21C9EF53D0071DAFC /* AppDelegate.swift in Sources */ = {isa = PBXBuildFile; fileRef = 22FBB8E11C9EF53D0071DAFC /* AppDelegate.swift */; };
		22FBB8E41C9EF53D0071DAFC /* ViewController.swift in Sources */ = {isa = PBXBuildFile; fileRef = 22FBB8E31C9EF53D0071DAFC /* ViewController.swift */; };
		22FBB8E71C9EF53D0071DAFC /* Main.storyboard in Resources */ = {isa = PBXBuildFile; fileRef = 22FBB8E51C9EF53D0071DAFC /* Main.storyboard */; };
		22FBB8EA1C9EF53D0071DAFC /* CoreDataTest.xcdatamodeld in Sources */ = {isa = PBXBuildFile; fileRef = 22FBB8E81C9EF53D0071DAFC /* CoreDataTest.xcdatamodeld */; };
		22FBB8EC1C9EF53D0071DAFC /* Assets.xcassets in Resources */ = {isa = PBXBuildFile; fileRef = 22FBB8EB1C9EF53D0071DAFC /* Assets.xcassets */; };
		22FBB8EF1C9EF53D0071DAFC /* LaunchScreen.storyboard in Resources */ = {isa = PBXBuildFile; fileRef = 22FBB8ED1C9EF53D0071DAFC /* LaunchScreen.storyboard */; };
/* End PBXBuildFile section */

/* Begin PBXFileReference section */
		224849251CA7DC2700AAE786 /* TableViewController.swift */ = {isa = PBXFileReference; fileEncoding = 4; lastKnownFileType = sourcecode.swift; path = TableViewController.swift; sourceTree = "<group>"; };
		224849271CA7DC6600AAE786 /* PatternCell.swift */ = {isa = PBXFileReference; fileEncoding = 4; lastKnownFileType = sourcecode.swift; path = PatternCell.swift; sourceTree = "<group>"; };
		224F1DCB1CA7C4E100304F92 /* ImageViewController.swift */ = {isa = PBXFileReference; fileEncoding = 4; lastKnownFileType = sourcecode.swift; path = ImageViewController.swift; sourceTree = "<group>"; };
		22FBB8DE1C9EF53D0071DAFC /* CoreDataTest.app */ = {isa = PBXFileReference; explicitFileType = wrapper.application; includeInIndex = 0; path = CoreDataTest.app; sourceTree = BUILT_PRODUCTS_DIR; };
		22FBB8E11C9EF53D0071DAFC /* AppDelegate.swift */ = {isa = PBXFileReference; lastKnownFileType = sourcecode.swift; path = AppDelegate.swift; sourceTree = "<group>"; };
		22FBB8E31C9EF53D0071DAFC /* ViewController.swift */ = {isa = PBXFileReference; lastKnownFileType = sourcecode.swift; path = ViewController.swift; sourceTree = "<group>"; };
		22FBB8E61C9EF53D0071DAFC /* Base */ = {isa = PBXFileReference; lastKnownFileType = file.storyboard; name = Base; path = Base.lproj/Main.storyboard; sourceTree = "<group>"; };
		22FBB8E91C9EF53D0071DAFC /* CoreDataTest.xcdatamodel */ = {isa = PBXFileReference; lastKnownFileType = wrapper.xcdatamodel; path = CoreDataTest.xcdatamodel; sourceTree = "<group>"; };
		22FBB8EB1C9EF53D0071DAFC /* Assets.xcassets */ = {isa = PBXFileReference; lastKnownFileType = folder.assetcatalog; path = Assets.xcassets; sourceTree = "<group>"; };
		22FBB8EE1C9EF53D0071DAFC /* Base */ = {isa = PBXFileReference; lastKnownFileType = file.storyboard; name = Base; path = Base.lproj/LaunchScreen.storyboard; sourceTree = "<group>"; };
		22FBB8F01C9EF53D0071DAFC /* Info.plist */ = {isa = PBXFileReference; lastKnownFileType = text.plist.xml; path = Info.plist; sourceTree = "<group>"; };
/* End PBXFileReference section */

/* Begin PBXFrameworksBuildPhase section */
		22FBB8DB1C9EF53D0071DAFC /* Frameworks */ = {
			isa = PBXFrameworksBuildPhase;
			buildActionMask = 2147483647;
			files = (
			);
			runOnlyForDeploymentPostprocessing = 0;
		};
/* End PBXFrameworksBuildPhase section */

/* Begin PBXGroup section */
		22FBB8D51C9EF53D0071DAFC = {
			isa = PBXGroup;
			children = (
				22FBB8E01C9EF53D0071DAFC /* CoreDataTest */,
				22FBB8DF1C9EF53D0071DAFC /* Products */,
			);
			sourceTree = "<group>";
		};
		22FBB8DF1C9EF53D0071DAFC /* Products */ = {
			isa = PBXGroup;
			children = (
				22FBB8DE1C9EF53D0071DAFC /* CoreDataTest.app */,
			);
			name = Products;
			sourceTree = "<group>";
		};
		22FBB8E01C9EF53D0071DAFC /* CoreDataTest */ = {
			isa = PBXGroup;
			children = (
				22FBB8E11C9EF53D0071DAFC /* AppDelegate.swift */,
				22FBB8E31C9EF53D0071DAFC /* ViewController.swift */,
				224849251CA7DC2700AAE786 /* TableViewController.swift */,
				224849271CA7DC6600AAE786 /* PatternCell.swift */,
				224F1DCB1CA7C4E100304F92 /* ImageViewController.swift */,
				22FBB8E51C9EF53D0071DAFC /* Main.storyboard */,
				22FBB8EB1C9EF53D0071DAFC /* Assets.xcassets */,
				22FBB8ED1C9EF53D0071DAFC /* LaunchScreen.storyboard */,
				22FBB8F01C9EF53D0071DAFC /* Info.plist */,
				22FBB8E81C9EF53D0071DAFC /* CoreDataTest.xcdatamodeld */,
			);
			path = CoreDataTest;
			sourceTree = "<group>";
		};
/* End PBXGroup section */

/* Begin PBXNativeTarget section */
		22FBB8DD1C9EF53D0071DAFC /* CoreDataTest */ = {
			isa = PBXNativeTarget;
			buildConfigurationList = 22FBB8F31C9EF53D0071DAFC /* Build configuration list for PBXNativeTarget "CoreDataTest" */;
			buildPhases = (
				22FBB8DA1C9EF53D0071DAFC /* Sources */,
				22FBB8DB1C9EF53D0071DAFC /* Frameworks */,
				22FBB8DC1C9EF53D0071DAFC /* Resources */,
			);
			buildRules = (
			);
			dependencies = (
			);
			name = CoreDataTest;
			productName = CoreDataTest;
			productReference = 22FBB8DE1C9EF53D0071DAFC /* CoreDataTest.app */;
			productType = "com.apple.product-type.application";
		};
/* End PBXNativeTarget section */

/* Begin PBXProject section */
		22FBB8D61C9EF53D0071DAFC /* Project object */ = {
			isa = PBXProject;
			attributes = {
				LastSwiftUpdateCheck = 0720;
				LastUpgradeCheck = 0720;
				ORGANIZATIONNAME = "Inno-orz";
				TargetAttributes = {
					22FBB8DD1C9EF53D0071DAFC = {
						CreatedOnToolsVersion = 7.2;
					};
				};
			};
			buildConfigurationList = 22FBB8D91C9EF53D0071DAFC /* Build configuration list for PBXProject "CoreDataTest" */;
			compatibilityVersion = "Xcode 3.2";
			developmentRegion = English;
			hasScannedForEncodings = 0;
			knownRegions = (
				en,
				Base,
			);
			mainGroup = 22FBB8D51C9EF53D0071DAFC;
			productRefGroup = 22FBB8DF1C9EF53D0071DAFC /* Products */;
			projectDirPath = "";
			projectRoot = "";
			targets = (
				22FBB8DD1C9EF53D0071DAFC /* CoreDataTest */,
			);
		};
/* End PBXProject section */

/* Begin PBXResourcesBuildPhase section */
		22FBB8DC1C9EF53D0071DAFC /* Resources */ = {
			isa = PBXResourcesBuildPhase;
			buildActionMask = 2147483647;
			files = (
				22FBB8EF1C9EF53D0071DAFC /* LaunchScreen.storyboard in Resources */,
				22FBB8EC1C9EF53D0071DAFC /* Assets.xcassets in Resources */,
				22FBB8E71C9EF53D0071DAFC /* Main.storyboard in Resources */,
			);
			runOnlyForDeploymentPostprocessing = 0;
		};
/* End PBXResourcesBuildPhase section */

/* Begin PBXSourcesBuildPhase section */
		22FBB8DA1C9EF53D0071DAFC /* Sources */ = {
			isa = PBXSourcesBuildPhase;
			buildActionMask = 2147483647;
			files = (
				22FBB8E41C9EF53D0071DAFC /* ViewController.swift in Sources */,
				22FBB8EA1C9EF53D0071DAFC /* CoreDataTest.xcdatamodeld in Sources */,
				224F1DCC1CA7C4E100304F92 /* ImageViewController.swift in Sources */,
				224849261CA7DC2700AAE786 /* TableViewController.swift in Sources */,
				224849281CA7DC6600AAE786 /* PatternCell.swift in Sources */,
				22FBB8E21C9EF53D0071DAFC /* AppDelegate.swift in Sources */,
			);
			runOnlyForDeploymentPostprocessing = 0;
		};
/* End PBXSourcesBuildPhase section */

/* Begin PBXVariantGroup section */
		22FBB8E51C9EF53D0071DAFC /* Main.storyboard */ = {
			isa = PBXVariantGroup;
			children = (
				22FBB8E61C9EF53D0071DAFC /* Base */,
			);
			name = Main.storyboard;
			sourceTree = "<group>";
		};
		22FBB8ED1C9EF53D0071DAFC /* LaunchScreen.storyboard */ = {
			isa = PBXVariantGroup;
			children = (
				22FBB8EE1C9EF53D0071DAFC /* Base */,
			);
			name = LaunchScreen.storyboard;
			sourceTree = "<group>";
		};
/* End PBXVariantGroup section */

/* Begin XCBuildConfiguration section */
		22FBB8F11C9EF53D0071DAFC /* Debug */ = {
			isa = XCBuildConfiguration;
			buildSettings = {
				ALWAYS_SEARCH_USER_PATHS = NO;
				CLANG_CXX_LANGUAGE_STANDARD = "gnu++0x";
				CLANG_CXX_LIBRARY = "libc++";
				CLANG_ENABLE_MODULES = YES;
				CLANG_ENABLE_OBJC_ARC = YES;
				CLANG_WARN_BOOL_CONVERSION = YES;
				CLANG_WARN_CONSTANT_CONVERSION = YES;
				CLANG_WARN_DIRECT_OBJC_ISA_USAGE = YES_ERROR;
				CLANG_WARN_EMPTY_BODY = YES;
				CLANG_WARN_ENUM_CONVERSION = YES;
				CLANG_WARN_INT_CONVERSION = YES;
				CLANG_WARN_OBJC_ROOT_CLASS = YES_ERROR;
				CLANG_WARN_UNREACHABLE_CODE = YES;
				CLANG_WARN__DUPLICATE_METHOD_MATCH = YES;
				"CODE_SIGN_IDENTITY[sdk=iphoneos*]" = "iPhone Developer";
				COPY_PHASE_STRIP = NO;
				DEBUG_INFORMATION_FORMAT = dwarf;
				ENABLE_STRICT_OBJC_MSGSEND = YES;
				ENABLE_TESTABILITY = YES;
				GCC_C_LANGUAGE_STANDARD = gnu99;
				GCC_DYNAMIC_NO_PIC = NO;
				GCC_NO_COMMON_BLOCKS = YES;
				GCC_OPTIMIZATION_LEVEL = 0;
				GCC_PREPROCESSOR_DEFINITIONS = (
					"DEBUG=1",
					"$(inherited)",
				);
				GCC_WARN_64_TO_32_BIT_CONVERSION = YES;
				GCC_WARN_ABOUT_RETURN_TYPE = YES_ERROR;
				GCC_WARN_UNDECLARED_SELECTOR = YES;
				GCC_WARN_UNINITIALIZED_AUTOS = YES_AGGRESSIVE;
				GCC_WARN_UNUSED_FUNCTION = YES;
				GCC_WARN_UNUSED_VARIABLE = YES;
				IPHONEOS_DEPLOYMENT_TARGET = 9.2;
				MTL_ENABLE_DEBUG_INFO = YES;
				ONLY_ACTIVE_ARCH = YES;
				SDKROOT = iphoneos;
				SWIFT_OPTIMIZATION_LEVEL = "-Onone";
				TARGETED_DEVICE_FAMILY = "1,2";
			};
			name = Debug;
		};
		22FBB8F21C9EF53D0071DAFC /* Release */ = {
			isa = XCBuildConfiguration;
			buildSettings = {
				ALWAYS_SEARCH_USER_PATHS = NO;
				CLANG_CXX_LANGUAGE_STANDARD = "gnu++0x";
				CLANG_CXX_LIBRARY = "libc++";
				CLANG_ENABLE_MODULES = YES;
				CLANG_ENABLE_OBJC_ARC = YES;
				CLANG_WARN_BOOL_CONVERSION = YES;
				CLANG_WARN_CONSTANT_CONVERSION = YES;
				CLANG_WARN_DIRECT_OBJC_ISA_USAGE = YES_ERROR;
				CLANG_WARN_EMPTY_BODY = YES;
				CLANG_WARN_ENUM_CONVERSION = YES;
				CLANG_WARN_INT_CONVERSION = YES;
				CLANG_WARN_OBJC_ROOT_CLASS = YES_ERROR;
				CLANG_WARN_UNREACHABLE_CODE = YES;
				CLANG_WARN__DUPLICATE_METHOD_MATCH = YES;
				"CODE_SIGN_IDENTITY[sdk=iphoneos*]" = "iPhone Developer";
				COPY_PHASE_STRIP = NO;
				DEBUG_INFORMATION_FORMAT = "dwarf-with-dsym";
				ENABLE_NS_ASSERTIONS = NO;
				ENABLE_STRICT_OBJC_MSGSEND = YES;
				GCC_C_LANGUAGE_STANDARD = gnu99;
				GCC_NO_COMMON_BLOCKS = YES;
				GCC_WARN_64_TO_32_BIT_CONVERSION = YES;
				GCC_WARN_ABOUT_RETURN_TYPE = YES_ERROR;
				GCC_WARN_UNDECLARED_SELECTOR = YES;
				GCC_WARN_UNINITIALIZED_AUTOS = YES_AGGRESSIVE;
				GCC_WARN_UNUSED_FUNCTION = YES;
				GCC_WARN_UNUSED_VARIABLE = YES;
				IPHONEOS_DEPLOYMENT_TARGET = 9.2;
				MTL_ENABLE_DEBUG_INFO = NO;
				SDKROOT = iphoneos;
				TARGETED_DEVICE_FAMILY = "1,2";
				VALIDATE_PRODUCT = YES;
			};
			name = Release;
		};
		22FBB8F41C9EF53D0071DAFC /* Debug */ = {
			isa = XCBuildConfiguration;
			buildSettings = {
				ASSETCATALOG_COMPILER_APPICON_NAME = AppIcon;
				INFOPLIST_FILE = CoreDataTest/Info.plist;
				LD_RUNPATH_SEARCH_PATHS = "$(inherited) @executable_path/Frameworks";
				PRODUCT_BUNDLE_IDENTIFIER = Innoz.CoreDataTest;
				PRODUCT_NAME = "$(TARGET_NAME)";
			};
			name = Debug;
		};
		22FBB8F51C9EF53D0071DAFC /* Release */ = {
			isa = XCBuildConfiguration;
			buildSettings = {
				ASSETCATALOG_COMPILER_APPICON_NAME = AppIcon;
				INFOPLIST_FILE = CoreDataTest/Info.plist;
				LD_RUNPATH_SEARCH_PATHS = "$(inherited) @executable_path/Frameworks";
				PRODUCT_BUNDLE_IDENTIFIER = Innoz.CoreDataTest;
				PRODUCT_NAME = "$(TARGET_NAME)";
			};
			name = Release;
		};
/* End XCBuildConfiguration section */

/* Begin XCConfigurationList section */
		22FBB8D91C9EF53D0071DAFC /* Build configuration list for PBXProject "CoreDataTest" */ = {
			isa = XCConfigurationList;
			buildConfigurations = (
				22FBB8F11C9EF53D0071DAFC /* Debug */,
				22FBB8F21C9EF53D0071DAFC /* Release */,
			);
			defaultConfigurationIsVisible = 0;
			defaultConfigurationName = Release;
		};
		22FBB8F31C9EF53D0071DAFC /* Build configuration list for PBXNativeTarget "CoreDataTest" */ = {
			isa = XCConfigurationList;
			buildConfigurations = (
				22FBB8F41C9EF53D0071DAFC /* Debug */,
				22FBB8F51C9EF53D0071DAFC /* Release */,
			);
			defaultConfigurationIsVisible = 0;
			defaultConfigurationName = Release;
		};
/* End XCConfigurationList section */

/* Begin XCVersionGroup section */
		22FBB8E81C9EF53D0071DAFC /* CoreDataTest.xcdatamodeld */ = {
			isa = XCVersionGroup;
			children = (
				22FBB8E91C9EF53D0071DAFC /* CoreDataTest.xcdatamodel */,
			);
			currentVersion = 22FBB8E91C9EF53D0071DAFC /* CoreDataTest.xcdatamodel */;
			path = CoreDataTest.xcdatamodeld;
			sourceTree = "<group>";
			versionGroupType = wrapper.xcdatamodel;
		};
/* End XCVersionGroup section */
	};
	rootObject = 22FBB8D61C9EF53D0071DAFC /* Project object */;
}
